
Microsoft Visual Studio Solution File, Format Version 12.00
# Visual Studio 15
VisualStudioVersion = 15.0.28307.168
MinimumVisualStudioVersion = 10.0.40219.1
Project("{FAE04EC0-301F-11D3-BF4B-00C04F79EFBC}") = "YinZiAttack", "YinZiAttack\YinZiAttack.csproj", "{B9E0EF3E-33CD-4597-9248-D28B1757059D}"
EndProject
Global
	GlobalSection(SolutionConfigurationPlatforms) = preSolution
		Debug|Any CPU = Debug|Any CPU
		Debug|x86 = Debug|x86
		Release|Any CPU = Release|Any CPU
		Release|x86 = Release|x86
	EndGlobalSection
	GlobalSection(ProjectConfigurationPlatforms) = postSolution
		{B9E0EF3E-33CD-4597-9248-D28B1757059D}.Debug|Any CPU.ActiveCfg = Debug|Any CPU
		{B9E0EF3E-33CD-4597-9248-D28B1757059D}.Debug|Any CPU.Build.0 = Debug|Any CPU
		{B9E0EF3E-33CD-4597-9248-D28B1757059D}.Debug|x86.ActiveCfg = Debug|x86
		{B9E0EF3E-33CD-4597-9248-D28B1757059D}.Debug|x86.Build.0 = Debug|x86
		{B9E0EF3E-33CD-4597-9248-D28B1757059D}.Release|Any CPU.ActiveCfg = Release|Any CPU
		{B9E0EF3E-33CD-4597-9248-D28B1757059D}.Release|Any CPU.Build.0 = Release|Any CPU
		{B9E0EF3E-33CD-4597-9248-D28B1757059D}.Release|x86.ActiveCfg = Release|x86
		{B9E0EF3E-33CD-4597-9248-D28B1757059D}.Release|x86.Build.0 = Release|x86
	EndGlobalSection
	GlobalSection(SolutionProperties) = preSolution
		HideSolutionNode = FALSE
	EndGlobalSection
	GlobalSection(ExtensibilityGlobals) = postSolution
		SolutionGuid = {15E5E43B-2EB2-4665-A5C5-CCDE16ED8518}
	EndGlobalSection
EndGlobal
